
Microsoft Visual Studio Solution File, Format Version 12.00
# Visual Studio Version 16
VisualStudioVersion = 16.0.29709.97
MinimumVisualStudioVersion = 10.0.40219.1
Project("{9A19103F-16F7-4668-BE54-9A1E7A4F7556}") = "01-打印函数", "01-打印函数\01-打印函数.csproj", "{00C90C8C-8C73-4338-86A7-6B26CC3B8BF4}"
EndProject
Project("{9A19103F-16F7-4668-BE54-9A1E7A4F7556}") = "02-基本变量", "02-基本变量\02-基本变量.csproj", "{626EB6B0-0FF2-40D6-B7EB-5275F9C06AFF}"
EndProject
Project("{9A19103F-16F7-4668-BE54-9A1E7A4F7556}") = "03-接收用户输入", "03-接收用户输入\03-接收用户输入.csproj", "{F512CEA6-FA3D-4F62-808E-D09826C3E1DD}"
EndProject
Project("{9A19103F-16F7-4668-BE54-9A1E7A4F7556}") = "04-变量类型转换", "04-变量类型转换\04-变量类型转换.csproj", "{6B92DBDE-29F9-43AF-A223-74E3E5E7E5D3}"
EndProject
Project("{9A19103F-16F7-4668-BE54-9A1E7A4F7556}") = "05-if语句", "05-if语句\05-if语句.csproj", "{27E7101A-1053-488A-BD12-F114D3BAA91B}"
EndProject
Project("{9A19103F-16F7-4668-BE54-9A1E7A4F7556}") = "06-switch-case语句", "06-switch-case语句\06-switch-case语句.csproj", "{C73C1458-E05C-420F-BF58-3EBB9B2BDB36}"
EndProject
Project("{9A19103F-16F7-4668-BE54-9A1E7A4F7556}") = "07-while和do-while语句", "07-while和do-while语句\07-while和do-while语句.csproj", "{3B021595-4F62-480E-86E0-61B60BFBC830}"
EndProject
Project("{9A19103F-16F7-4668-BE54-9A1E7A4F7556}") = "08-try-catch错误捕捉", "08-try-catch错误捕捉\08-try-catch错误捕捉.csproj", "{64D911A3-88C9-4562-B4CE-54DD8B8BA3A4}"
EndProject
Project("{9A19103F-16F7-4668-BE54-9A1E7A4F7556}") = "09-for循环", "09-for循环\09-for循环.csproj", "{4F6951BA-3A8F-4024-BB63-BCC607EBCF7D}"
EndProject
Project("{9A19103F-16F7-4668-BE54-9A1E7A4F7556}") = "10-类型转换2", "10-类型转换2\10-类型转换2.csproj", "{82546A3E-A998-433A-A282-BE86696AF546}"
EndProject
Project("{9A19103F-16F7-4668-BE54-9A1E7A4F7556}") = "11-枚举类型", "11-枚举类型\11-枚举类型.csproj", "{FE8163BC-BDE8-4B83-ACE3-6FF28B5E9C53}"
EndProject
Project("{9A19103F-16F7-4668-BE54-9A1E7A4F7556}") = "12-结构类型", "12-结构类型\12-结构类型.csproj", "{D5846017-DB7C-4CFF-BD2D-DB5FFD1626D1}"
EndProject
Project("{9A19103F-16F7-4668-BE54-9A1E7A4F7556}") = "13-随机数", "13-随机数\13-随机数.csproj", "{62B75EFE-7134-4C96-BECB-86B1DBC05A72}"
EndProject
Project("{9A19103F-16F7-4668-BE54-9A1E7A4F7556}") = "14-数组", "14-数组\14-数组.csproj", "{FCC79D5D-C930-4741-8FDD-A9660CF321A3}"
EndProject
Project("{9A19103F-16F7-4668-BE54-9A1E7A4F7556}") = "15-数组冒泡排序", "15-数组冒泡排序\15-数组冒泡排序.csproj", "{87CB6D56-C002-409A-A44C-B780D62BA388}"
EndProject
Project("{9A19103F-16F7-4668-BE54-9A1E7A4F7556}") = "16-函数方法", "16-函数方法\16-函数方法.csproj", "{2856A774-696E-4A8E-A765-244CD5A58889}"
EndProject
Project("{9A19103F-16F7-4668-BE54-9A1E7A4F7556}") = "17-函数方法练习", "17-函数方法练习\17-函数方法练习.csproj", "{B48CD2E1-B148-4263-9949-7EF11B98B58C}"
EndProject
Project("{9A19103F-16F7-4668-BE54-9A1E7A4F7556}") = "18-out参数练习", "18-out参数练习\18-out参数练习.csproj", "{4B4E1455-2E43-4BDD-A594-96D5A788FAFB}"
EndProject
Project("{9A19103F-16F7-4668-BE54-9A1E7A4F7556}") = "19-ref参数练习", "19-ref参数练习\19-ref参数练习.csproj", "{42BFD3DF-B88D-462B-9D03-1206B6FD6286}"
EndProject
Project("{9A19103F-16F7-4668-BE54-9A1E7A4F7556}") = "20-项目重载", "20-项目重载\20-项目重载.csproj", "{02300603-75F3-4D94-9E87-6B0E27EB0CDE}"
EndProject
Project("{9A19103F-16F7-4668-BE54-9A1E7A4F7556}") = "21-params", "21-params\21-params.csproj", "{43C27CC8-1567-460C-A142-0CAD3AAEA2CC}"
EndProject
Project("{9A19103F-16F7-4668-BE54-9A1E7A4F7556}") = "22-飞行棋游戏", "22-飞行棋游戏\22-飞行棋游戏.csproj", "{2077AF67-0062-4D5B-8371-7F1A998B44C9}"
EndProject
Project("{FAE04EC0-301F-11D3-BF4B-00C04F79EFBC}") = "23-面向对象", "23-面向对象\23-面向对象.csproj", "{76E699F7-1FB5-44E4-96CF-E0DEF8D9A5AF}"
EndProject
Project("{FAE04EC0-301F-11D3-BF4B-00C04F79EFBC}") = "24-构造函数", "24-构造函数\24-构造函数.csproj", "{05B48015-6A8A-4CA5-9CA6-72BC3C132E17}"
EndProject
Project("{FAE04EC0-301F-11D3-BF4B-00C04F79EFBC}") = "25-静态和非静态", "25-静态和非静态\25-静态和非静态.csproj", "{45054B60-B9A5-444A-9DDD-F17A60D3F846}"
EndProject
Project("{FAE04EC0-301F-11D3-BF4B-00C04F79EFBC}") = "26-访问外部项目的类", "26-访问外部项目的类\26-访问外部项目的类.csproj", "{FA8C7C93-8BEC-4C79-BB53-62D04DD12B73}"
EndProject
Project("{FAE04EC0-301F-11D3-BF4B-00C04F79EFBC}") = "27-字符串", "27-字符串\27-字符串.csproj", "{DAC72855-8908-46E7-B366-8E81EDA5ADFF}"
EndProject
Global
	GlobalSection(SolutionConfigurationPlatforms) = preSolution
		Debug|Any CPU = Debug|Any CPU
		Release|Any CPU = Release|Any CPU
	EndGlobalSection
	GlobalSection(ProjectConfigurationPlatforms) = postSolution
		{00C90C8C-8C73-4338-86A7-6B26CC3B8BF4}.Debug|Any CPU.ActiveCfg = Debug|Any CPU
		{00C90C8C-8C73-4338-86A7-6B26CC3B8BF4}.Debug|Any CPU.Build.0 = Debug|Any CPU
		{00C90C8C-8C73-4338-86A7-6B26CC3B8BF4}.Release|Any CPU.ActiveCfg = Release|Any CPU
		{00C90C8C-8C73-4338-86A7-6B26CC3B8BF4}.Release|Any CPU.Build.0 = Release|Any CPU
		{626EB6B0-0FF2-40D6-B7EB-5275F9C06AFF}.Debug|Any CPU.ActiveCfg = Debug|Any CPU
		{626EB6B0-0FF2-40D6-B7EB-5275F9C06AFF}.Debug|Any CPU.Build.0 = Debug|Any CPU
		{626EB6B0-0FF2-40D6-B7EB-5275F9C06AFF}.Release|Any CPU.ActiveCfg = Release|Any CPU
		{626EB6B0-0FF2-40D6-B7EB-5275F9C06AFF}.Release|Any CPU.Build.0 = Release|Any CPU
		{F512CEA6-FA3D-4F62-808E-D09826C3E1DD}.Debug|Any CPU.ActiveCfg = Debug|Any CPU
		{F512CEA6-FA3D-4F62-808E-D09826C3E1DD}.Debug|Any CPU.Build.0 = Debug|Any CPU
		{F512CEA6-FA3D-4F62-808E-D09826C3E1DD}.Release|Any CPU.ActiveCfg = Release|Any CPU
		{F512CEA6-FA3D-4F62-808E-D09826C3E1DD}.Release|Any CPU.Build.0 = Release|Any CPU
		{6B92DBDE-29F9-43AF-A223-74E3E5E7E5D3}.Debug|Any CPU.ActiveCfg = Debug|Any CPU
		{6B92DBDE-29F9-43AF-A223-74E3E5E7E5D3}.Debug|Any CPU.Build.0 = Debug|Any CPU
		{6B92DBDE-29F9-43AF-A223-74E3E5E7E5D3}.Release|Any CPU.ActiveCfg = Release|Any CPU
		{6B92DBDE-29F9-43AF-A223-74E3E5E7E5D3}.Release|Any CPU.Build.0 = Release|Any CPU
		{27E7101A-1053-488A-BD12-F114D3BAA91B}.Debug|Any CPU.ActiveCfg = Debug|Any CPU
		{27E7101A-1053-488A-BD12-F114D3BAA91B}.Debug|Any CPU.Build.0 = Debug|Any CPU
		{27E7101A-1053-488A-BD12-F114D3BAA91B}.Release|Any CPU.ActiveCfg = Release|Any CPU
		{27E7101A-1053-488A-BD12-F114D3BAA91B}.Release|Any CPU.Build.0 = Release|Any CPU
		{C73C1458-E05C-420F-BF58-3EBB9B2BDB36}.Debug|Any CPU.ActiveCfg = Debug|Any CPU
		{C73C1458-E05C-420F-BF58-3EBB9B2BDB36}.Debug|Any CPU.Build.0 = Debug|Any CPU
		{C73C1458-E05C-420F-BF58-3EBB9B2BDB36}.Release|Any CPU.ActiveCfg = Release|Any CPU
		{C73C1458-E05C-420F-BF58-3EBB9B2BDB36}.Release|Any CPU.Build.0 = Release|Any CPU
		{3B021595-4F62-480E-86E0-61B60BFBC830}.Debug|Any CPU.ActiveCfg = Debug|Any CPU
		{3B021595-4F62-480E-86E0-61B60BFBC830}.Debug|Any CPU.Build.0 = Debug|Any CPU
		{3B021595-4F62-480E-86E0-61B60BFBC830}.Release|Any CPU.ActiveCfg = Release|Any CPU
		{3B021595-4F62-480E-86E0-61B60BFBC830}.Release|Any CPU.Build.0 = Release|Any CPU
		{64D911A3-88C9-4562-B4CE-54DD8B8BA3A4}.Debug|Any CPU.ActiveCfg = Debug|Any CPU
		{64D911A3-88C9-4562-B4CE-54DD8B8BA3A4}.Debug|Any CPU.Build.0 = Debug|Any CPU
		{64D911A3-88C9-4562-B4CE-54DD8B8BA3A4}.Release|Any CPU.ActiveCfg = Release|Any CPU
		{64D911A3-88C9-4562-B4CE-54DD8B8BA3A4}.Release|Any CPU.Build.0 = Release|Any CPU
		{4F6951BA-3A8F-4024-BB63-BCC607EBCF7D}.Debug|Any CPU.ActiveCfg = Debug|Any CPU
		{4F6951BA-3A8F-4024-BB63-BCC607EBCF7D}.Debug|Any CPU.Build.0 = Debug|Any CPU
		{4F6951BA-3A8F-4024-BB63-BCC607EBCF7D}.Release|Any CPU.ActiveCfg = Release|Any CPU
		{4F6951BA-3A8F-4024-BB63-BCC607EBCF7D}.Release|Any CPU.Build.0 = Release|Any CPU
		{82546A3E-A998-433A-A282-BE86696AF546}.Debug|Any CPU.ActiveCfg = Debug|Any CPU
		{82546A3E-A998-433A-A282-BE86696AF546}.Debug|Any CPU.Build.0 = Debug|Any CPU
		{82546A3E-A998-433A-A282-BE86696AF546}.Release|Any CPU.ActiveCfg = Release|Any CPU
		{82546A3E-A998-433A-A282-BE86696AF546}.Release|Any CPU.Build.0 = Release|Any CPU
		{FE8163BC-BDE8-4B83-ACE3-6FF28B5E9C53}.Debug|Any CPU.ActiveCfg = Debug|Any CPU
		{FE8163BC-BDE8-4B83-ACE3-6FF28B5E9C53}.Debug|Any CPU.Build.0 = Debug|Any CPU
		{FE8163BC-BDE8-4B83-ACE3-6FF28B5E9C53}.Release|Any CPU.ActiveCfg = Release|Any CPU
		{FE8163BC-BDE8-4B83-ACE3-6FF28B5E9C53}.Release|Any CPU.Build.0 = Release|Any CPU
		{D5846017-DB7C-4CFF-BD2D-DB5FFD1626D1}.Debug|Any CPU.ActiveCfg = Debug|Any CPU
		{D5846017-DB7C-4CFF-BD2D-DB5FFD1626D1}.Debug|Any CPU.Build.0 = Debug|Any CPU
		{D5846017-DB7C-4CFF-BD2D-DB5FFD1626D1}.Release|Any CPU.ActiveCfg = Release|Any CPU
		{D5846017-DB7C-4CFF-BD2D-DB5FFD1626D1}.Release|Any CPU.Build.0 = Release|Any CPU
		{62B75EFE-7134-4C96-BECB-86B1DBC05A72}.Debug|Any CPU.ActiveCfg = Debug|Any CPU
		{62B75EFE-7134-4C96-BECB-86B1DBC05A72}.Debug|Any CPU.Build.0 = Debug|Any CPU
		{62B75EFE-7134-4C96-BECB-86B1DBC05A72}.Release|Any CPU.ActiveCfg = Release|Any CPU
		{62B75EFE-7134-4C96-BECB-86B1DBC05A72}.Release|Any CPU.Build.0 = Release|Any CPU
		{FCC79D5D-C930-4741-8FDD-A9660CF321A3}.Debug|Any CPU.ActiveCfg = Debug|Any CPU
		{FCC79D5D-C930-4741-8FDD-A9660CF321A3}.Debug|Any CPU.Build.0 = Debug|Any CPU
		{FCC79D5D-C930-4741-8FDD-A9660CF321A3}.Release|Any CPU.ActiveCfg = Release|Any CPU
		{FCC79D5D-C930-4741-8FDD-A9660CF321A3}.Release|Any CPU.Build.0 = Release|Any CPU
		{87CB6D56-C002-409A-A44C-B780D62BA388}.Debug|Any CPU.ActiveCfg = Debug|Any CPU
		{87CB6D56-C002-409A-A44C-B780D62BA388}.Debug|Any CPU.Build.0 = Debug|Any CPU
		{87CB6D56-C002-409A-A44C-B780D62BA388}.Release|Any CPU.ActiveCfg = Release|Any CPU
		{87CB6D56-C002-409A-A44C-B780D62BA388}.Release|Any CPU.Build.0 = Release|Any CPU
		{2856A774-696E-4A8E-A765-244CD5A58889}.Debug|Any CPU.ActiveCfg = Debug|Any CPU
		{2856A774-696E-4A8E-A765-244CD5A58889}.Debug|Any CPU.Build.0 = Debug|Any CPU
		{2856A774-696E-4A8E-A765-244CD5A58889}.Release|Any CPU.ActiveCfg = Release|Any CPU
		{2856A774-696E-4A8E-A765-244CD5A58889}.Release|Any CPU.Build.0 = Release|Any CPU
		{B48CD2E1-B148-4263-9949-7EF11B98B58C}.Debug|Any CPU.ActiveCfg = Debug|Any CPU
		{B48CD2E1-B148-4263-9949-7EF11B98B58C}.Debug|Any CPU.Build.0 = Debug|Any CPU
		{B48CD2E1-B148-4263-9949-7EF11B98B58C}.Release|Any CPU.ActiveCfg = Release|Any CPU
		{B48CD2E1-B148-4263-9949-7EF11B98B58C}.Release|Any CPU.Build.0 = Release|Any CPU
		{4B4E1455-2E43-4BDD-A594-96D5A788FAFB}.Debug|Any CPU.ActiveCfg = Debug|Any CPU
		{4B4E1455-2E43-4BDD-A594-96D5A788FAFB}.Debug|Any CPU.Build.0 = Debug|Any CPU
		{4B4E1455-2E43-4BDD-A594-96D5A788FAFB}.Release|Any CPU.ActiveCfg = Release|Any CPU
		{4B4E1455-2E43-4BDD-A594-96D5A788FAFB}.Release|Any CPU.Build.0 = Release|Any CPU
		{42BFD3DF-B88D-462B-9D03-1206B6FD6286}.Debug|Any CPU.ActiveCfg = Debug|Any CPU
		{42BFD3DF-B88D-462B-9D03-1206B6FD6286}.Debug|Any CPU.Build.0 = Debug|Any CPU
		{42BFD3DF-B88D-462B-9D03-1206B6FD6286}.Release|Any CPU.ActiveCfg = Release|Any CPU
		{42BFD3DF-B88D-462B-9D03-1206B6FD6286}.Release|Any CPU.Build.0 = Release|Any CPU
		{02300603-75F3-4D94-9E87-6B0E27EB0CDE}.Debug|Any CPU.ActiveCfg = Debug|Any CPU
		{02300603-75F3-4D94-9E87-6B0E27EB0CDE}.Debug|Any CPU.Build.0 = Debug|Any CPU
		{02300603-75F3-4D94-9E87-6B0E27EB0CDE}.Release|Any CPU.ActiveCfg = Release|Any CPU
		{02300603-75F3-4D94-9E87-6B0E27EB0CDE}.Release|Any CPU.Build.0 = Release|Any CPU
		{43C27CC8-1567-460C-A142-0CAD3AAEA2CC}.Debug|Any CPU.ActiveCfg = Debug|Any CPU
		{43C27CC8-1567-460C-A142-0CAD3AAEA2CC}.Debug|Any CPU.Build.0 = Debug|Any CPU
		{43C27CC8-1567-460C-A142-0CAD3AAEA2CC}.Release|Any CPU.ActiveCfg = Release|Any CPU
		{43C27CC8-1567-460C-A142-0CAD3AAEA2CC}.Release|Any CPU.Build.0 = Release|Any CPU
		{2077AF67-0062-4D5B-8371-7F1A998B44C9}.Debug|Any CPU.ActiveCfg = Debug|Any CPU
		{2077AF67-0062-4D5B-8371-7F1A998B44C9}.Debug|Any CPU.Build.0 = Debug|Any CPU
		{2077AF67-0062-4D5B-8371-7F1A998B44C9}.Release|Any CPU.ActiveCfg = Release|Any CPU
		{2077AF67-0062-4D5B-8371-7F1A998B44C9}.Release|Any CPU.Build.0 = Release|Any CPU
		{76E699F7-1FB5-44E4-96CF-E0DEF8D9A5AF}.Debug|Any CPU.ActiveCfg = Debug|Any CPU
		{76E699F7-1FB5-44E4-96CF-E0DEF8D9A5AF}.Debug|Any CPU.Build.0 = Debug|Any CPU
		{76E699F7-1FB5-44E4-96CF-E0DEF8D9A5AF}.Release|Any CPU.ActiveCfg = Release|Any CPU
		{76E699F7-1FB5-44E4-96CF-E0DEF8D9A5AF}.Release|Any CPU.Build.0 = Release|Any CPU
		{05B48015-6A8A-4CA5-9CA6-72BC3C132E17}.Debug|Any CPU.ActiveCfg = Debug|Any CPU
		{05B48015-6A8A-4CA5-9CA6-72BC3C132E17}.Debug|Any CPU.Build.0 = Debug|Any CPU
		{05B48015-6A8A-4CA5-9CA6-72BC3C132E17}.Release|Any CPU.ActiveCfg = Release|Any CPU
		{05B48015-6A8A-4CA5-9CA6-72BC3C132E17}.Release|Any CPU.Build.0 = Release|Any CPU
		{45054B60-B9A5-444A-9DDD-F17A60D3F846}.Debug|Any CPU.ActiveCfg = Debug|Any CPU
		{45054B60-B9A5-444A-9DDD-F17A60D3F846}.Debug|Any CPU.Build.0 = Debug|Any CPU
		{45054B60-B9A5-444A-9DDD-F17A60D3F846}.Release|Any CPU.ActiveCfg = Release|Any CPU
		{45054B60-B9A5-444A-9DDD-F17A60D3F846}.Release|Any CPU.Build.0 = Release|Any CPU
		{FA8C7C93-8BEC-4C79-BB53-62D04DD12B73}.Debug|Any CPU.ActiveCfg = Debug|Any CPU
		{FA8C7C93-8BEC-4C79-BB53-62D04DD12B73}.Debug|Any CPU.Build.0 = Debug|Any CPU
		{FA8C7C93-8BEC-4C79-BB53-62D04DD12B73}.Release|Any CPU.ActiveCfg = Release|Any CPU
		{FA8C7C93-8BEC-4C79-BB53-62D04DD12B73}.Release|Any CPU.Build.0 = Release|Any CPU
		{DAC72855-8908-46E7-B366-8E81EDA5ADFF}.Debug|Any CPU.ActiveCfg = Debug|Any CPU
		{DAC72855-8908-46E7-B366-8E81EDA5ADFF}.Debug|Any CPU.Build.0 = Debug|Any CPU
		{DAC72855-8908-46E7-B366-8E81EDA5ADFF}.Release|Any CPU.ActiveCfg = Release|Any CPU
		{DAC72855-8908-46E7-B366-8E81EDA5ADFF}.Release|Any CPU.Build.0 = Release|Any CPU
	EndGlobalSection
	GlobalSection(SolutionProperties) = preSolution
		HideSolutionNode = FALSE
	EndGlobalSection
	GlobalSection(ExtensibilityGlobals) = postSolution
		SolutionGuid = {E617F80D-8DCD-4482-83B1-F41EFDF72BFB}
	EndGlobalSection
EndGlobal
